{
  "name": "test",
  "lockfileVersion": 2,
  "requires": true,
  "packages": {
    "": {
      "dependencies": {
        "print-pyramid": "^1.0.0"
      }
    },
    "node_modules/print-pyramid": {
      "version": "1.0.0",
      "resolved": "https://registry.npmjs.org/print-pyramid/-/print-pyramid-1.0.0.tgz",
      "integrity": "sha512-SXmNJPrEGGtPEYadj80scJCJZxyZ/CY5RD4Ow+ls1OCQquqoGwjaQViqMdzGXdLeFdGxV1ObcifsevYfqI4xhw=="
    }
  },
  "dependencies": {
    "print-pyramid": {
      "version": "1.0.0",
      "resolved": "https://registry.npmjs.org/print-pyramid/-/print-pyramid-1.0.0.tgz",
      "integrity": "sha512-SXmNJPrEGGtPEYadj80scJCJZxyZ/CY5RD4Ow+ls1OCQquqoGwjaQViqMdzGXdLeFdGxV1ObcifsevYfqI4xhw=="
    }
  }
}
